
Microsoft Visual Studio Solution File, Format Version 12.00
# Visual Studio Version 16
VisualStudioVersion = 16.0.30907.101
MinimumVisualStudioVersion = 10.0.40219.1
Project("{FAE04EC0-301F-11D3-BF4B-00C04F79EFBC}") = "Proyek", "Proyek\Proyek.csproj", "{205C3A48-E8F1-41D2-90BB-8395F7186DBD}"
EndProject
Global
	GlobalSection(SolutionConfigurationPlatforms) = preSolution
		Debug|Any CPU = Debug|Any CPU
		Release|Any CPU = Release|Any CPU
	EndGlobalSection
	GlobalSection(ProjectConfigurationPlatforms) = postSolution
		{205C3A48-E8F1-41D2-90BB-8395F7186DBD}.Debug|Any CPU.ActiveCfg = Debug|Any CPU
		{205C3A48-E8F1-41D2-90BB-8395F7186DBD}.Debug|Any CPU.Build.0 = Debug|Any CPU
		{205C3A48-E8F1-41D2-90BB-8395F7186DBD}.Release|Any CPU.ActiveCfg = Release|Any CPU
		{205C3A48-E8F1-41D2-90BB-8395F7186DBD}.Release|Any CPU.Build.0 = Release|Any CPU
	EndGlobalSection
	GlobalSection(SolutionProperties) = preSolution
		HideSolutionNode = FALSE
	EndGlobalSection
	GlobalSection(ExtensibilityGlobals) = postSolution
		SolutionGuid = {DB6D3AA2-4B45-4C45-8F27-EF79FB4BD6AD}
	EndGlobalSection
EndGlobal
